// !$*UTF8*$!
{
	archiveVersion = 1;
	classes = {
	};
	objectVersion = 46;
	objects = {

/* Begin PBXBuildFile section */
		C32033C31C86E58B00AD479B /* AppDelegate.swift in Sources */ = {isa = PBXBuildFile; fileRef = C32033C21C86E58B00AD479B /* AppDelegate.swift */; };
		C32033C51C86E58B00AD479B /* FirstViewController.swift in Sources */ = {isa = PBXBuildFile; fileRef = C32033C41C86E58B00AD479B /* FirstViewController.swift */; };
		C32033C71C86E58B00AD479B /* SecondViewController.swift in Sources */ = {isa = PBXBuildFile; fileRef = C32033C61C86E58B00AD479B /* SecondViewController.swift */; };
		C32033CA1C86E58B00AD479B /* Main.storyboard in Resources */ = {isa = PBXBuildFile; fileRef = C32033C81C86E58B00AD479B /* Main.storyboard */; };
		C32033CC1C86E58B00AD479B /* Assets.xcassets in Resources */ = {isa = PBXBuildFile; fileRef = C32033CB1C86E58B00AD479B /* Assets.xcassets */; };
		C32033CF1C86E58B00AD479B /* LaunchScreen.storyboard in Resources */ = {isa = PBXBuildFile; fileRef = C32033CD1C86E58B00AD479B /* LaunchScreen.storyboard */; };
		C32033DA1C86E58B00AD479B /* iOSAppTests.swift in Sources */ = {isa = PBXBuildFile; fileRef = C32033D91C86E58B00AD479B /* iOSAppTests.swift */; };
		C32033E51C86E58B00AD479B /* iOSAppUITests.swift in Sources */ = {isa = PBXBuildFile; fileRef = C32033E41C86E58B00AD479B /* iOSAppUITests.swift */; };
		C32033F31C86E62200AD479B /* config.xml in Resources */ = {isa = PBXBuildFile; fileRef = C32033F21C86E62200AD479B /* config.xml */; };
		C32033FB1C86E6DE00AD479B /* AssetsLibrary.framework in Frameworks */ = {isa = PBXBuildFile; fileRef = C32033FA1C86E6DE00AD479B /* AssetsLibrary.framework */; };
		C32033FD1C86E6E700AD479B /* CoreLocation.framework in Frameworks */ = {isa = PBXBuildFile; fileRef = C32033FC1C86E6E700AD479B /* CoreLocation.framework */; };
		C32033FF1C86E6F000AD479B /* CoreGraphics.framework in Frameworks */ = {isa = PBXBuildFile; fileRef = C32033FE1C86E6F000AD479B /* CoreGraphics.framework */; };
		C32034011C86E6FB00AD479B /* MobileCoreServices.framework in Frameworks */ = {isa = PBXBuildFile; fileRef = C32034001C86E6FB00AD479B /* MobileCoreServices.framework */; };
		C320340C1C87052500AD479B /* libCordova.a in Frameworks */ = {isa = PBXBuildFile; fileRef = C32033F91C86E6AC00AD479B /* libCordova.a */; };
/* End PBXBuildFile section */

/* Begin PBXContainerItemProxy section */
		C32033D61C86E58B00AD479B /* PBXContainerItemProxy */ = {
			isa = PBXContainerItemProxy;
			containerPortal = C32033B71C86E58B00AD479B /* Project object */;
			proxyType = 1;
			remoteGlobalIDString = C32033BE1C86E58B00AD479B;
			remoteInfo = iOSApp;
		};
		C32033E11C86E58B00AD479B /* PBXContainerItemProxy */ = {
			isa = PBXContainerItemProxy;
			containerPortal = C32033B71C86E58B00AD479B /* Project object */;
			proxyType = 1;
			remoteGlobalIDString = C32033BE1C86E58B00AD479B;
			remoteInfo = iOSApp;
		};
		C32033F81C86E6AC00AD479B /* PBXContainerItemProxy */ = {
			isa = PBXContainerItemProxy;
			containerPortal = C32033F41C86E6AC00AD479B /* CordovaLib.xcodeproj */;
			proxyType = 2;
			remoteGlobalIDString = 68A32D7114102E1C006B237C;
			remoteInfo = CordovaLib;
		};
/* End PBXContainerItemProxy section */

/* Begin PBXFileReference section */
		C32033BF1C86E58B00AD479B /* iOSApp.app */ = {isa = PBXFileReference; explicitFileType = wrapper.application; includeInIndex = 0; path = iOSApp.app; sourceTree = BUILT_PRODUCTS_DIR; };
		C32033C21C86E58B00AD479B /* AppDelegate.swift */ = {isa = PBXFileReference; lastKnownFileType = sourcecode.swift; path = AppDelegate.swift; sourceTree = "<group>"; };
		C32033C41C86E58B00AD479B /* FirstViewController.swift */ = {isa = PBXFileReference; lastKnownFileType = sourcecode.swift; path = FirstViewController.swift; sourceTree = "<group>"; };
		C32033C61C86E58B00AD479B /* SecondViewController.swift */ = {isa = PBXFileReference; lastKnownFileType = sourcecode.swift; path = SecondViewController.swift; sourceTree = "<group>"; };
		C32033C91C86E58B00AD479B /* Base */ = {isa = PBXFileReference; lastKnownFileType = file.storyboard; name = Base; path = Base.lproj/Main.storyboard; sourceTree = "<group>"; };
		C32033CB1C86E58B00AD479B /* Assets.xcassets */ = {isa = PBXFileReference; lastKnownFileType = folder.assetcatalog; path = Assets.xcassets; sourceTree = "<group>"; };
		C32033CE1C86E58B00AD479B /* Base */ = {isa = PBXFileReference; lastKnownFileType = file.storyboard; name = Base; path = Base.lproj/LaunchScreen.storyboard; sourceTree = "<group>"; };
		C32033D01C86E58B00AD479B /* Info.plist */ = {isa = PBXFileReference; lastKnownFileType = text.plist.xml; path = Info.plist; sourceTree = "<group>"; };
		C32033D51C86E58B00AD479B /* iOSAppTests.xctest */ = {isa = PBXFileReference; explicitFileType = wrapper.cfbundle; includeInIndex = 0; path = iOSAppTests.xctest; sourceTree = BUILT_PRODUCTS_DIR; };
		C32033D91C86E58B00AD479B /* iOSAppTests.swift */ = {isa = PBXFileReference; lastKnownFileType = sourcecode.swift; path = iOSAppTests.swift; sourceTree = "<group>"; };
		C32033DB1C86E58B00AD479B /* Info.plist */ = {isa = PBXFileReference; lastKnownFileType = text.plist.xml; path = Info.plist; sourceTree = "<group>"; };
		C32033E01C86E58B00AD479B /* iOSAppUITests.xctest */ = {isa = PBXFileReference; explicitFileType = wrapper.cfbundle; includeInIndex = 0; path = iOSAppUITests.xctest; sourceTree = BUILT_PRODUCTS_DIR; };
		C32033E41C86E58B00AD479B /* iOSAppUITests.swift */ = {isa = PBXFileReference; lastKnownFileType = sourcecode.swift; path = iOSAppUITests.swift; sourceTree = "<group>"; };
		C32033E61C86E58B00AD479B /* Info.plist */ = {isa = PBXFileReference; lastKnownFileType = text.plist.xml; path = Info.plist; sourceTree = "<group>"; };
		C32033F21C86E62200AD479B /* config.xml */ = {isa = PBXFileReference; fileEncoding = 4; lastKnownFileType = text.xml; path = config.xml; sourceTree = "<group>"; };
		C32033F41C86E6AC00AD479B /* CordovaLib.xcodeproj */ = {isa = PBXFileReference; lastKnownFileType = "wrapper.pb-project"; name = CordovaLib.xcodeproj; path = CordovaLib/CordovaLib.xcodeproj; sourceTree = "<group>"; };
		C32033FA1C86E6DE00AD479B /* AssetsLibrary.framework */ = {isa = PBXFileReference; lastKnownFileType = wrapper.framework; name = AssetsLibrary.framework; path = System/Library/Frameworks/AssetsLibrary.framework; sourceTree = SDKROOT; };
		C32033FC1C86E6E700AD479B /* CoreLocation.framework */ = {isa = PBXFileReference; lastKnownFileType = wrapper.framework; name = CoreLocation.framework; path = System/Library/Frameworks/CoreLocation.framework; sourceTree = SDKROOT; };
		C32033FE1C86E6F000AD479B /* CoreGraphics.framework */ = {isa = PBXFileReference; lastKnownFileType = wrapper.framework; name = CoreGraphics.framework; path = System/Library/Frameworks/CoreGraphics.framework; sourceTree = SDKROOT; };
		C32034001C86E6FB00AD479B /* MobileCoreServices.framework */ = {isa = PBXFileReference; lastKnownFileType = wrapper.framework; name = MobileCoreServices.framework; path = System/Library/Frameworks/MobileCoreServices.framework; sourceTree = SDKROOT; };
		C32034051C86E8CF00AD479B /* iOSApp-Bridging-Header.h */ = {isa = PBXFileReference; fileEncoding = 4; lastKnownFileType = sourcecode.c.h; path = "iOSApp-Bridging-Header.h"; sourceTree = "<group>"; };
/* End PBXFileReference section */

/* Begin PBXFrameworksBuildPhase section */
		C32033BC1C86E58B00AD479B /* Frameworks */ = {
			isa = PBXFrameworksBuildPhase;
			buildActionMask = 2147483647;
			files = (
				C320340C1C87052500AD479B /* libCordova.a in Frameworks */,
				C32034011C86E6FB00AD479B /* MobileCoreServices.framework in Frameworks */,
				C32033FF1C86E6F000AD479B /* CoreGraphics.framework in Frameworks */,
				C32033FD1C86E6E700AD479B /* CoreLocation.framework in Frameworks */,
				C32033FB1C86E6DE00AD479B /* AssetsLibrary.framework in Frameworks */,
			);
			runOnlyForDeploymentPostprocessing = 0;
		};
		C32033D21C86E58B00AD479B /* Frameworks */ = {
			isa = PBXFrameworksBuildPhase;
			buildActionMask = 2147483647;
			files = (
			);
			runOnlyForDeploymentPostprocessing = 0;
		};
		C32033DD1C86E58B00AD479B /* Frameworks */ = {
			isa = PBXFrameworksBuildPhase;
			buildActionMask = 2147483647;
			files = (
			);
			runOnlyForDeploymentPostprocessing = 0;
		};
/* End PBXFrameworksBuildPhase section */

/* Begin PBXGroup section */
		C32033B61C86E58B00AD479B = {
			isa = PBXGroup;
			children = (
				C32034021C86E75300AD479B /* Frameworks */,
				C32033C11C86E58B00AD479B /* iOSApp */,
				C32033D81C86E58B00AD479B /* iOSAppTests */,
				C32033E31C86E58B00AD479B /* iOSAppUITests */,
				C32033C01C86E58B00AD479B /* Products */,
				C32033F21C86E62200AD479B /* config.xml */,
				C32033F41C86E6AC00AD479B /* CordovaLib.xcodeproj */,
			);
			sourceTree = "<group>";
		};
		C32033C01C86E58B00AD479B /* Products */ = {
			isa = PBXGroup;
			children = (
				C32033BF1C86E58B00AD479B /* iOSApp.app */,
				C32033D51C86E58B00AD479B /* iOSAppTests.xctest */,
				C32033E01C86E58B00AD479B /* iOSAppUITests.xctest */,
			);
			name = Products;
			sourceTree = "<group>";
		};
		C32033C11C86E58B00AD479B /* iOSApp */ = {
			isa = PBXGroup;
			children = (
				C32034051C86E8CF00AD479B /* iOSApp-Bridging-Header.h */,
				C32033C21C86E58B00AD479B /* AppDelegate.swift */,
				C32033C41C86E58B00AD479B /* FirstViewController.swift */,
				C32033C61C86E58B00AD479B /* SecondViewController.swift */,
				C32033C81C86E58B00AD479B /* Main.storyboard */,
				C32033CB1C86E58B00AD479B /* Assets.xcassets */,
				C32033CD1C86E58B00AD479B /* LaunchScreen.storyboard */,
				C32033D01C86E58B00AD479B /* Info.plist */,
			);
			path = iOSApp;
			sourceTree = "<group>";
		};
		C32033D81C86E58B00AD479B /* iOSAppTests */ = {
			isa = PBXGroup;
			children = (
				C32033D91C86E58B00AD479B /* iOSAppTests.swift */,
				C32033DB1C86E58B00AD479B /* Info.plist */,
			);
			path = iOSAppTests;
			sourceTree = "<group>";
		};
		C32033E31C86E58B00AD479B /* iOSAppUITests */ = {
			isa = PBXGroup;
			children = (
				C32033E41C86E58B00AD479B /* iOSAppUITests.swift */,
				C32033E61C86E58B00AD479B /* Info.plist */,
			);
			path = iOSAppUITests;
			sourceTree = "<group>";
		};
		C32033F51C86E6AC00AD479B /* Products */ = {
			isa = PBXGroup;
			children = (
				C32033F91C86E6AC00AD479B /* libCordova.a */,
			);
			name = Products;
			sourceTree = "<group>";
		};
		C32034021C86E75300AD479B /* Frameworks */ = {
			isa = PBXGroup;
			children = (
				C32034001C86E6FB00AD479B /* MobileCoreServices.framework */,
				C32033FE1C86E6F000AD479B /* CoreGraphics.framework */,
				C32033FC1C86E6E700AD479B /* CoreLocation.framework */,
				C32033FA1C86E6DE00AD479B /* AssetsLibrary.framework */,
			);
			name = Frameworks;
			sourceTree = "<group>";
		};
/* End PBXGroup section */

/* Begin PBXNativeTarget section */
		C32033BE1C86E58B00AD479B /* iOSApp */ = {
			isa = PBXNativeTarget;
			buildConfigurationList = C32033E91C86E58B00AD479B /* Build configuration list for PBXNativeTarget "iOSApp" */;
			buildPhases = (
				C32033BB1C86E58B00AD479B /* Sources */,
				C32033BC1C86E58B00AD479B /* Frameworks */,
				C32033BD1C86E58B00AD479B /* Resources */,
			);
			buildRules = (
			);
			dependencies = (
			);
			name = iOSApp;
			productName = iOSApp;
			productReference = C32033BF1C86E58B00AD479B /* iOSApp.app */;
			productType = "com.apple.product-type.application";
		};
		C32033D41C86E58B00AD479B /* iOSAppTests */ = {
			isa = PBXNativeTarget;
			buildConfigurationList = C32033EC1C86E58B00AD479B /* Build configuration list for PBXNativeTarget "iOSAppTests" */;
			buildPhases = (
				C32033D11C86E58B00AD479B /* Sources */,
				C32033D21C86E58B00AD479B /* Frameworks */,
				C32033D31C86E58B00AD479B /* Resources */,
			);
			buildRules = (
			);
			dependencies = (
				C32033D71C86E58B00AD479B /* PBXTargetDependency */,
			);
			name = iOSAppTests;
			productName = iOSAppTests;
			productReference = C32033D51C86E58B00AD479B /* iOSAppTests.xctest */;
			productType = "com.apple.product-type.bundle.unit-test";
		};
		C32033DF1C86E58B00AD479B /* iOSAppUITests */ = {
			isa = PBXNativeTarget;
			buildConfigurationList = C32033EF1C86E58B00AD479B /* Build configuration list for PBXNativeTarget "iOSAppUITests" */;
			buildPhases = (
				C32033DC1C86E58B00AD479B /* Sources */,
				C32033DD1C86E58B00AD479B /* Frameworks */,
				C32033DE1C86E58B00AD479B /* Resources */,
			);
			buildRules = (
			);
			dependencies = (
				C32033E21C86E58B00AD479B /* PBXTargetDependency */,
			);
			name = iOSAppUITests;
			productName = iOSAppUITests;
			productReference = C32033E01C86E58B00AD479B /* iOSAppUITests.xctest */;
			productType = "com.apple.product-type.bundle.ui-testing";
		};
/* End PBXNativeTarget section */

/* Begin PBXProject section */
		C32033B71C86E58B00AD479B /* Project object */ = {
			isa = PBXProject;
			attributes = {
				LastSwiftUpdateCheck = 0720;
				LastUpgradeCheck = 0720;
				ORGANIZATIONNAME = ZUK;
				TargetAttributes = {
					C32033BE1C86E58B00AD479B = {
						CreatedOnToolsVersion = 7.2.1;
					};
					C32033D41C86E58B00AD479B = {
						CreatedOnToolsVersion = 7.2.1;
						TestTargetID = C32033BE1C86E58B00AD479B;
					};
					C32033DF1C86E58B00AD479B = {
						CreatedOnToolsVersion = 7.2.1;
						TestTargetID = C32033BE1C86E58B00AD479B;
					};
				};
			};
			buildConfigurationList = C32033BA1C86E58B00AD479B /* Build configuration list for PBXProject "iOSApp" */;
			compatibilityVersion = "Xcode 3.2";
			developmentRegion = English;
			hasScannedForEncodings = 0;
			knownRegions = (
				en,
				Base,
			);
			mainGroup = C32033B61C86E58B00AD479B;
			productRefGroup = C32033C01C86E58B00AD479B /* Products */;
			projectDirPath = "";
			projectReferences = (
				{
					ProductGroup = C32033F51C86E6AC00AD479B /* Products */;
					ProjectRef = C32033F41C86E6AC00AD479B /* CordovaLib.xcodeproj */;
				},
			);
			projectRoot = "";
			targets = (
				C32033BE1C86E58B00AD479B /* iOSApp */,
				C32033D41C86E58B00AD479B /* iOSAppTests */,
				C32033DF1C86E58B00AD479B /* iOSAppUITests */,
			);
		};
/* End PBXProject section */

/* Begin PBXReferenceProxy section */
		C32033F91C86E6AC00AD479B /* libCordova.a */ = {
			isa = PBXReferenceProxy;
			fileType = archive.ar;
			path = libCordova.a;
			remoteRef = C32033F81C86E6AC00AD479B /* PBXContainerItemProxy */;
			sourceTree = BUILT_PRODUCTS_DIR;
		};
/* End PBXReferenceProxy section */

/* Begin PBXResourcesBuildPhase section */
		C32033BD1C86E58B00AD479B /* Resources */ = {
			isa = PBXResourcesBuildPhase;
			buildActionMask = 2147483647;
			files = (
				C32033CF1C86E58B00AD479B /* LaunchScreen.storyboard in Resources */,
				C32033CC1C86E58B00AD479B /* Assets.xcassets in Resources */,
				C32033CA1C86E58B00AD479B /* Main.storyboard in Resources */,
				C32033F31C86E62200AD479B /* config.xml in Resources */,
			);
			runOnlyForDeploymentPostprocessing = 0;
		};
		C32033D31C86E58B00AD479B /* Resources */ = {
			isa = PBXResourcesBuildPhase;
			buildActionMask = 2147483647;
			files = (
			);
			runOnlyForDeploymentPostprocessing = 0;
		};
		C32033DE1C86E58B00AD479B /* Resources */ = {
			isa = PBXResourcesBuildPhase;
			buildActionMask = 2147483647;
			files = (
			);
			runOnlyForDeploymentPostprocessing = 0;
		};
/* End PBXResourcesBuildPhase section */

/* Begin PBXSourcesBuildPhase section */
		C32033BB1C86E58B00AD479B /* Sources */ = {
			isa = PBXSourcesBuildPhase;
			buildActionMask = 2147483647;
			files = (
				C32033C71C86E58B00AD479B /* SecondViewController.swift in Sources */,
				C32033C31C86E58B00AD479B /* AppDelegate.swift in Sources */,
				C32033C51C86E58B00AD479B /* FirstViewController.swift in Sources */,
			);
			runOnlyForDeploymentPostprocessing = 0;
		};
		C32033D11C86E58B00AD479B /* Sources */ = {
			isa = PBXSourcesBuildPhase;
			buildActionMask = 2147483647;
			files = (
				C32033DA1C86E58B00AD479B /* iOSAppTests.swift in Sources */,
			);
			runOnlyForDeploymentPostprocessing = 0;
		};
		C32033DC1C86E58B00AD479B /* Sources */ = {
			isa = PBXSourcesBuildPhase;
			buildActionMask = 2147483647;
			files = (
				C32033E51C86E58B00AD479B /* iOSAppUITests.swift in Sources */,
			);
			runOnlyForDeploymentPostprocessing = 0;
		};
/* End PBXSourcesBuildPhase section */

/* Begin PBXTargetDependency section */
		C32033D71C86E58B00AD479B /* PBXTargetDependency */ = {
			isa = PBXTargetDependency;
			target = C32033BE1C86E58B00AD479B /* iOSApp */;
			targetProxy = C32033D61C86E58B00AD479B /* PBXContainerItemProxy */;
		};
		C32033E21C86E58B00AD479B /* PBXTargetDependency */ = {
			isa = PBXTargetDependency;
			target = C32033BE1C86E58B00AD479B /* iOSApp */;
			targetProxy = C32033E11C86E58B00AD479B /* PBXContainerItemProxy */;
		};
/* End PBXTargetDependency section */

/* Begin PBXVariantGroup section */
		C32033C81C86E58B00AD479B /* Main.storyboard */ = {
			isa = PBXVariantGroup;
			children = (
				C32033C91C86E58B00AD479B /* Base */,
			);
			name = Main.storyboard;
			sourceTree = "<group>";
		};
		C32033CD1C86E58B00AD479B /* LaunchScreen.storyboard */ = {
			isa = PBXVariantGroup;
			children = (
				C32033CE1C86E58B00AD479B /* Base */,
			);
			name = LaunchScreen.storyboard;
			sourceTree = "<group>";
		};
/* End PBXVariantGroup section */

/* Begin XCBuildConfiguration section */
		C32033E71C86E58B00AD479B /* Debug */ = {
			isa = XCBuildConfiguration;
			buildSettings = {
				ALWAYS_SEARCH_USER_PATHS = NO;
				CLANG_CXX_LANGUAGE_STANDARD = "gnu++0x";
				CLANG_CXX_LIBRARY = "libc++";
				CLANG_ENABLE_MODULES = YES;
				CLANG_ENABLE_OBJC_ARC = YES;
				CLANG_WARN_BOOL_CONVERSION = YES;
				CLANG_WARN_CONSTANT_CONVERSION = YES;
				CLANG_WARN_DIRECT_OBJC_ISA_USAGE = YES_ERROR;
				CLANG_WARN_EMPTY_BODY = YES;
				CLANG_WARN_ENUM_CONVERSION = YES;
				CLANG_WARN_INT_CONVERSION = YES;
				CLANG_WARN_OBJC_ROOT_CLASS = YES_ERROR;
				CLANG_WARN_UNREACHABLE_CODE = YES;
				CLANG_WARN__DUPLICATE_METHOD_MATCH = YES;
				"CODE_SIGN_IDENTITY[sdk=iphoneos*]" = "iPhone Developer";
				COPY_PHASE_STRIP = NO;
				DEBUG_INFORMATION_FORMAT = dwarf;
				ENABLE_STRICT_OBJC_MSGSEND = YES;
				ENABLE_TESTABILITY = YES;
				GCC_C_LANGUAGE_STANDARD = gnu99;
				GCC_DYNAMIC_NO_PIC = NO;
				GCC_NO_COMMON_BLOCKS = YES;
				GCC_OPTIMIZATION_LEVEL = 0;
				GCC_PREPROCESSOR_DEFINITIONS = (
					"DEBUG=1",
					"$(inherited)",
				);
				GCC_WARN_64_TO_32_BIT_CONVERSION = YES;
				GCC_WARN_ABOUT_RETURN_TYPE = YES_ERROR;
				GCC_WARN_UNDECLARED_SELECTOR = YES;
				GCC_WARN_UNINITIALIZED_AUTOS = YES_AGGRESSIVE;
				GCC_WARN_UNUSED_FUNCTION = YES;
				GCC_WARN_UNUSED_VARIABLE = YES;
				IPHONEOS_DEPLOYMENT_TARGET = 9.2;
				MTL_ENABLE_DEBUG_INFO = YES;
				ONLY_ACTIVE_ARCH = YES;
				SDKROOT = iphoneos;
				SWIFT_OPTIMIZATION_LEVEL = "-Onone";
				TARGETED_DEVICE_FAMILY = "1,2";
			};
			name = Debug;
		};
		C32033E81C86E58B00AD479B /* Release */ = {
			isa = XCBuildConfiguration;
			buildSettings = {
				ALWAYS_SEARCH_USER_PATHS = NO;
				CLANG_CXX_LANGUAGE_STANDARD = "gnu++0x";
				CLANG_CXX_LIBRARY = "libc++";
				CLANG_ENABLE_MODULES = YES;
				CLANG_ENABLE_OBJC_ARC = YES;
				CLANG_WARN_BOOL_CONVERSION = YES;
				CLANG_WARN_CONSTANT_CONVERSION = YES;
				CLANG_WARN_DIRECT_OBJC_ISA_USAGE = YES_ERROR;
				CLANG_WARN_EMPTY_BODY = YES;
				CLANG_WARN_ENUM_CONVERSION = YES;
				CLANG_WARN_INT_CONVERSION = YES;
				CLANG_WARN_OBJC_ROOT_CLASS = YES_ERROR;
				CLANG_WARN_UNREACHABLE_CODE = YES;
				CLANG_WARN__DUPLICATE_METHOD_MATCH = YES;
				"CODE_SIGN_IDENTITY[sdk=iphoneos*]" = "iPhone Developer";
				COPY_PHASE_STRIP = NO;
				DEBUG_INFORMATION_FORMAT = "dwarf-with-dsym";
				ENABLE_NS_ASSERTIONS = NO;
				ENABLE_STRICT_OBJC_MSGSEND = YES;
				GCC_C_LANGUAGE_STANDARD = gnu99;
				GCC_NO_COMMON_BLOCKS = YES;
				GCC_WARN_64_TO_32_BIT_CONVERSION = YES;
				GCC_WARN_ABOUT_RETURN_TYPE = YES_ERROR;
				GCC_WARN_UNDECLARED_SELECTOR = YES;
				GCC_WARN_UNINITIALIZED_AUTOS = YES_AGGRESSIVE;
				GCC_WARN_UNUSED_FUNCTION = YES;
				GCC_WARN_UNUSED_VARIABLE = YES;
				IPHONEOS_DEPLOYMENT_TARGET = 9.2;
				MTL_ENABLE_DEBUG_INFO = NO;
				SDKROOT = iphoneos;
				TARGETED_DEVICE_FAMILY = "1,2";
				VALIDATE_PRODUCT = YES;
			};
			name = Release;
		};
		C32033EA1C86E58B00AD479B /* Debug */ = {
			isa = XCBuildConfiguration;
			buildSettings = {
				ASSETCATALOG_COMPILER_APPICON_NAME = AppIcon;
				HEADER_SEARCH_PATHS = (
					"\"$(TARGET_BUILD_DIR)/usr/local/lib/include\"",
					"\"$(OBJROOT)/UninstalledProducts/include\"",
					"\"$(OBJROOT)/UninstalledProducts/$(PLATFORM_NAME)/include\"",
					"\"$(BUILT_PRODUCTS_DIR)\"",
				);
				INFOPLIST_FILE = iOSApp/Info.plist;
				LD_RUNPATH_SEARCH_PATHS = "$(inherited) @executable_path/Frameworks";
				OTHER_LDFLAGS = "-Obj-C";
				PRODUCT_BUNDLE_IDENTIFIER = com.zuehlke.iOSApp.iOSApp;
				PRODUCT_NAME = "$(TARGET_NAME)";
				SWIFT_OBJC_BRIDGING_HEADER = "iOSApp/iOSApp-Bridging-Header.h";
			};
			name = Debug;
		};
		C32033EB1C86E58B00AD479B /* Release */ = {
			isa = XCBuildConfiguration;
			buildSettings = {
				ASSETCATALOG_COMPILER_APPICON_NAME = AppIcon;
				HEADER_SEARCH_PATHS = (
					"\"$(TARGET_BUILD_DIR)/usr/local/lib/include\"",
					"\"$(OBJROOT)/UninstalledProducts/include\"",
					"\"$(OBJROOT)/UninstalledProducts/$(PLATFORM_NAME)/include\"",
					"\"$(BUILT_PRODUCTS_DIR)\"",
				);
				INFOPLIST_FILE = iOSApp/Info.plist;
				LD_RUNPATH_SEARCH_PATHS = "$(inherited) @executable_path/Frameworks";
				OTHER_LDFLAGS = "-Obj-C";
				PRODUCT_BUNDLE_IDENTIFIER = com.zuehlke.iOSApp.iOSApp;
				PRODUCT_NAME = "$(TARGET_NAME)";
				SWIFT_OBJC_BRIDGING_HEADER = "iOSApp/iOSApp-Bridging-Header.h";
			};
			name = Release;
		};
		C32033ED1C86E58B00AD479B /* Debug */ = {
			isa = XCBuildConfiguration;
			buildSettings = {
				BUNDLE_LOADER = "$(TEST_HOST)";
				INFOPLIST_FILE = iOSAppTests/Info.plist;
				LD_RUNPATH_SEARCH_PATHS = "$(inherited) @executable_path/Frameworks @loader_path/Frameworks";
				PRODUCT_BUNDLE_IDENTIFIER = com.zuehlke.iOSApp.iOSAppTests;
				PRODUCT_NAME = "$(TARGET_NAME)";
				TEST_HOST = "$(BUILT_PRODUCTS_DIR)/iOSApp.app/iOSApp";
			};
			name = Debug;
		};
		C32033EE1C86E58B00AD479B /* Release */ = {
			isa = XCBuildConfiguration;
			buildSettings = {
				BUNDLE_LOADER = "$(TEST_HOST)";
				INFOPLIST_FILE = iOSAppTests/Info.plist;
				LD_RUNPATH_SEARCH_PATHS = "$(inherited) @executable_path/Frameworks @loader_path/Frameworks";
				PRODUCT_BUNDLE_IDENTIFIER = com.zuehlke.iOSApp.iOSAppTests;
				PRODUCT_NAME = "$(TARGET_NAME)";
				TEST_HOST = "$(BUILT_PRODUCTS_DIR)/iOSApp.app/iOSApp";
			};
			name = Release;
		};
		C32033F01C86E58B00AD479B /* Debug */ = {
			isa = XCBuildConfiguration;
			buildSettings = {
				INFOPLIST_FILE = iOSAppUITests/Info.plist;
				LD_RUNPATH_SEARCH_PATHS = "$(inherited) @executable_path/Frameworks @loader_path/Frameworks";
				PRODUCT_BUNDLE_IDENTIFIER = com.zuehlke.iOSApp.iOSAppUITests;
				PRODUCT_NAME = "$(TARGET_NAME)";
				TEST_TARGET_NAME = iOSApp;
				USES_XCTRUNNER = YES;
			};
			name = Debug;
		};
		C32033F11C86E58B00AD479B /* Release */ = {
			isa = XCBuildConfiguration;
			buildSettings = {
				INFOPLIST_FILE = iOSAppUITests/Info.plist;
				LD_RUNPATH_SEARCH_PATHS = "$(inherited) @executable_path/Frameworks @loader_path/Frameworks";
				PRODUCT_BUNDLE_IDENTIFIER = com.zuehlke.iOSApp.iOSAppUITests;
				PRODUCT_NAME = "$(TARGET_NAME)";
				TEST_TARGET_NAME = iOSApp;
				USES_XCTRUNNER = YES;
			};
			name = Release;
		};
/* End XCBuildConfiguration section */

/* Begin XCConfigurationList section */
		C32033BA1C86E58B00AD479B /* Build configuration list for PBXProject "iOSApp" */ = {
			isa = XCConfigurationList;
			buildConfigurations = (
				C32033E71C86E58B00AD479B /* Debug */,
				C32033E81C86E58B00AD479B /* Release */,
			);
			defaultConfigurationIsVisible = 0;
			defaultConfigurationName = Release;
		};
		C32033E91C86E58B00AD479B /* Build configuration list for PBXNativeTarget "iOSApp" */ = {
			isa = XCConfigurationList;
			buildConfigurations = (
				C32033EA1C86E58B00AD479B /* Debug */,
				C32033EB1C86E58B00AD479B /* Release */,
			);
			defaultConfigurationIsVisible = 0;
			defaultConfigurationName = Release;
		};
		C32033EC1C86E58B00AD479B /* Build configuration list for PBXNativeTarget "iOSAppTests" */ = {
			isa = XCConfigurationList;
			buildConfigurations = (
				C32033ED1C86E58B00AD479B /* Debug */,
				C32033EE1C86E58B00AD479B /* Release */,
			);
			defaultConfigurationIsVisible = 0;
			defaultConfigurationName = Release;
		};
		C32033EF1C86E58B00AD479B /* Build configuration list for PBXNativeTarget "iOSAppUITests" */ = {
			isa = XCConfigurationList;
			buildConfigurations = (
				C32033F01C86E58B00AD479B /* Debug */,
				C32033F11C86E58B00AD479B /* Release */,
			);
			defaultConfigurationIsVisible = 0;
			defaultConfigurationName = Release;
		};
/* End XCConfigurationList section */
	};
	rootObject = C32033B71C86E58B00AD479B /* Project object */;
}
